
Microsoft Visual Studio Solution File, Format Version 12.00
# Visual Studio Version 17
VisualStudioVersion = 17.8.34525.116
MinimumVisualStudioVersion = 10.0.40219.1
Project("{FAE04EC0-301F-11D3-BF4B-00C04F79EFBC}") = "Pruebas_1.Android", "Pruebas_1.Android\Pruebas_1.Android.csproj", "{F62679AE-D917-49F6-A87A-79081E4FD5EE}"
EndProject
Project("{FAE04EC0-301F-11D3-BF4B-00C04F79EFBC}") = "Pruebas_1", "Pruebas_1\Pruebas_1.csproj", "{84F97777-351C-4DB6-A3CC-9C3831F8C15A}"
EndProject
Global
	GlobalSection(SolutionConfigurationPlatforms) = preSolution
		Debug|Any CPU = Debug|Any CPU
		Release|Any CPU = Release|Any CPU
	EndGlobalSection
	GlobalSection(ProjectConfigurationPlatforms) = postSolution
		{F62679AE-D917-49F6-A87A-79081E4FD5EE}.Debug|Any CPU.ActiveCfg = Debug|Any CPU
		{F62679AE-D917-49F6-A87A-79081E4FD5EE}.Debug|Any CPU.Build.0 = Debug|Any CPU
		{F62679AE-D917-49F6-A87A-79081E4FD5EE}.Debug|Any CPU.Deploy.0 = Debug|Any CPU
		{F62679AE-D917-49F6-A87A-79081E4FD5EE}.Release|Any CPU.ActiveCfg = Release|Any CPU
		{F62679AE-D917-49F6-A87A-79081E4FD5EE}.Release|Any CPU.Build.0 = Release|Any CPU
		{F62679AE-D917-49F6-A87A-79081E4FD5EE}.Release|Any CPU.Deploy.0 = Release|Any CPU
		{84F97777-351C-4DB6-A3CC-9C3831F8C15A}.Debug|Any CPU.ActiveCfg = Debug|Any CPU
		{84F97777-351C-4DB6-A3CC-9C3831F8C15A}.Debug|Any CPU.Build.0 = Debug|Any CPU
		{84F97777-351C-4DB6-A3CC-9C3831F8C15A}.Debug|Any CPU.Deploy.0 = Debug|Any CPU
		{84F97777-351C-4DB6-A3CC-9C3831F8C15A}.Release|Any CPU.ActiveCfg = Release|Any CPU
		{84F97777-351C-4DB6-A3CC-9C3831F8C15A}.Release|Any CPU.Build.0 = Release|Any CPU
		{84F97777-351C-4DB6-A3CC-9C3831F8C15A}.Release|Any CPU.Deploy.0 = Release|Any CPU
	EndGlobalSection
	GlobalSection(SolutionProperties) = preSolution
		HideSolutionNode = FALSE
	EndGlobalSection
	GlobalSection(ExtensibilityGlobals) = postSolution
		SolutionGuid = {674A76B6-7622-4E13-A009-4045A0BB0D90}
	EndGlobalSection
EndGlobal
